
Microsoft Visual Studio Solution File, Format Version 12.00
# Visual Studio Version 17
VisualStudioVersion = 17.6.33829.357
MinimumVisualStudioVersion = 10.0.40219.1
Project("{FAE04EC0-301F-11D3-BF4B-00C04F79EFBC}") = "CrudWebAPI", "CrudWebAPI\CrudWebAPI.csproj", "{5DDAF42E-4985-4CE5-93EE-274E549DD0C2}"
EndProject
Global
	GlobalSection(SolutionConfigurationPlatforms) = preSolution
		Debug|Any CPU = Debug|Any CPU
		Release|Any CPU = Release|Any CPU
	EndGlobalSection
	GlobalSection(ProjectConfigurationPlatforms) = postSolution
		{5DDAF42E-4985-4CE5-93EE-274E549DD0C2}.Debug|Any CPU.ActiveCfg = Debug|Any CPU
		{5DDAF42E-4985-4CE5-93EE-274E549DD0C2}.Debug|Any CPU.Build.0 = Debug|Any CPU
		{5DDAF42E-4985-4CE5-93EE-274E549DD0C2}.Release|Any CPU.ActiveCfg = Release|Any CPU
		{5DDAF42E-4985-4CE5-93EE-274E549DD0C2}.Release|Any CPU.Build.0 = Release|Any CPU
	EndGlobalSection
	GlobalSection(SolutionProperties) = preSolution
		HideSolutionNode = FALSE
	EndGlobalSection
	GlobalSection(ExtensibilityGlobals) = postSolution
		SolutionGuid = {C2E677BD-B971-46BE-B942-116A126B1EF3}
	EndGlobalSection
EndGlobal
